
Microsoft Visual Studio Solution File, Format Version 12.00
# Visual Studio Version 16
VisualStudioVersion = 16.0.31229.75
MinimumVisualStudioVersion = 10.0.40219.1
Project("{FAE04EC0-301F-11D3-BF4B-00C04F79EFBC}") = "Ex03.GarageLogic", "Ex03.GarageLogic\Ex03.GarageLogic.csproj", "{8F4BCF1C-195A-461F-BEFD-EE60DD9455DE}"
EndProject
Project("{FAE04EC0-301F-11D3-BF4B-00C04F79EFBC}") = "Ex03.ConsoleUI", "Ex03.ConsoleUI\Ex03.ConsoleUI.csproj", "{B3297635-7128-40FA-9200-10EBD2BAF303}"
EndProject
Global
	GlobalSection(SolutionConfigurationPlatforms) = preSolution
		Debug|Any CPU = Debug|Any CPU
		Release|Any CPU = Release|Any CPU
	EndGlobalSection
	GlobalSection(ProjectConfigurationPlatforms) = postSolution
		{8F4BCF1C-195A-461F-BEFD-EE60DD9455DE}.Debug|Any CPU.ActiveCfg = Debug|Any CPU
		{8F4BCF1C-195A-461F-BEFD-EE60DD9455DE}.Debug|Any CPU.Build.0 = Debug|Any CPU
		{8F4BCF1C-195A-461F-BEFD-EE60DD9455DE}.Release|Any CPU.ActiveCfg = Release|Any CPU
		{8F4BCF1C-195A-461F-BEFD-EE60DD9455DE}.Release|Any CPU.Build.0 = Release|Any CPU
		{B3297635-7128-40FA-9200-10EBD2BAF303}.Debug|Any CPU.ActiveCfg = Debug|Any CPU
		{B3297635-7128-40FA-9200-10EBD2BAF303}.Debug|Any CPU.Build.0 = Debug|Any CPU
		{B3297635-7128-40FA-9200-10EBD2BAF303}.Release|Any CPU.ActiveCfg = Release|Any CPU
		{B3297635-7128-40FA-9200-10EBD2BAF303}.Release|Any CPU.Build.0 = Release|Any CPU
	EndGlobalSection
	GlobalSection(SolutionProperties) = preSolution
		HideSolutionNode = FALSE
	EndGlobalSection
	GlobalSection(ExtensibilityGlobals) = postSolution
		SolutionGuid = {3C074C1B-39F5-4E90-9813-6F2E2EF25655}
	EndGlobalSection
EndGlobal
