
Microsoft Visual Studio Solution File, Format Version 12.00
# Visual Studio Version 16
VisualStudioVersion = 16.0.31229.75
MinimumVisualStudioVersion = 10.0.40219.1
Project("{FAE04EC0-301F-11D3-BF4B-00C04F79EFBC}") = "Ex01_01", "Ex01_01\Ex01_01.csproj", "{C53553B4-04EB-4AC9-B5CE-ADEE8930B1EF}"
EndProject
Project("{FAE04EC0-301F-11D3-BF4B-00C04F79EFBC}") = "Ex01_02", "Ex01_02\Ex01_02.csproj", "{06784B42-E57F-4D35-AC13-C79B21F9023D}"
EndProject
Project("{FAE04EC0-301F-11D3-BF4B-00C04F79EFBC}") = "Ex01_03", "Ex01_03\Ex01_03.csproj", "{B9F848D9-C9D2-4D73-90AF-5B1142247FB9}"
EndProject
Project("{FAE04EC0-301F-11D3-BF4B-00C04F79EFBC}") = "Ex01_04", "Ex01_04\Ex01_04.csproj", "{7C726321-C474-474E-BAEA-3056688D8858}"
EndProject
Project("{FAE04EC0-301F-11D3-BF4B-00C04F79EFBC}") = "Ex01_05", "Ex01_05\Ex01_05.csproj", "{D18E465F-EF37-4CDA-838D-5BD38B17CECA}"
EndProject
Global
	GlobalSection(SolutionConfigurationPlatforms) = preSolution
		Debug|Any CPU = Debug|Any CPU
		Release|Any CPU = Release|Any CPU
	EndGlobalSection
	GlobalSection(ProjectConfigurationPlatforms) = postSolution
		{C53553B4-04EB-4AC9-B5CE-ADEE8930B1EF}.Debug|Any CPU.ActiveCfg = Debug|Any CPU
		{C53553B4-04EB-4AC9-B5CE-ADEE8930B1EF}.Debug|Any CPU.Build.0 = Debug|Any CPU
		{C53553B4-04EB-4AC9-B5CE-ADEE8930B1EF}.Release|Any CPU.ActiveCfg = Release|Any CPU
		{C53553B4-04EB-4AC9-B5CE-ADEE8930B1EF}.Release|Any CPU.Build.0 = Release|Any CPU
		{06784B42-E57F-4D35-AC13-C79B21F9023D}.Debug|Any CPU.ActiveCfg = Debug|Any CPU
		{06784B42-E57F-4D35-AC13-C79B21F9023D}.Debug|Any CPU.Build.0 = Debug|Any CPU
		{06784B42-E57F-4D35-AC13-C79B21F9023D}.Release|Any CPU.ActiveCfg = Release|Any CPU
		{06784B42-E57F-4D35-AC13-C79B21F9023D}.Release|Any CPU.Build.0 = Release|Any CPU
		{B9F848D9-C9D2-4D73-90AF-5B1142247FB9}.Debug|Any CPU.ActiveCfg = Debug|Any CPU
		{B9F848D9-C9D2-4D73-90AF-5B1142247FB9}.Debug|Any CPU.Build.0 = Debug|Any CPU
		{B9F848D9-C9D2-4D73-90AF-5B1142247FB9}.Release|Any CPU.ActiveCfg = Release|Any CPU
		{B9F848D9-C9D2-4D73-90AF-5B1142247FB9}.Release|Any CPU.Build.0 = Release|Any CPU
		{7C726321-C474-474E-BAEA-3056688D8858}.Debug|Any CPU.ActiveCfg = Debug|Any CPU
		{7C726321-C474-474E-BAEA-3056688D8858}.Debug|Any CPU.Build.0 = Debug|Any CPU
		{7C726321-C474-474E-BAEA-3056688D8858}.Release|Any CPU.ActiveCfg = Release|Any CPU
		{7C726321-C474-474E-BAEA-3056688D8858}.Release|Any CPU.Build.0 = Release|Any CPU
		{D18E465F-EF37-4CDA-838D-5BD38B17CECA}.Debug|Any CPU.ActiveCfg = Debug|Any CPU
		{D18E465F-EF37-4CDA-838D-5BD38B17CECA}.Debug|Any CPU.Build.0 = Debug|Any CPU
		{D18E465F-EF37-4CDA-838D-5BD38B17CECA}.Release|Any CPU.ActiveCfg = Release|Any CPU
		{D18E465F-EF37-4CDA-838D-5BD38B17CECA}.Release|Any CPU.Build.0 = Release|Any CPU
	EndGlobalSection
	GlobalSection(SolutionProperties) = preSolution
		HideSolutionNode = FALSE
	EndGlobalSection
	GlobalSection(ExtensibilityGlobals) = postSolution
		SolutionGuid = {B299611D-DE2F-4880-9557-A245A6FE3E0B}
	EndGlobalSection
EndGlobal
